<?xml version="1.0" encoding="utf-8"?>
<Project ToolsVersion="4.0" xmlns="http://schemas.microsoft.com/developer/msbuild/2003">
  <ItemGroup>
    <Filter Include="File di origine">
      <UniqueIdentifier>{4FC737F1-C7A5-4376-A066-2A32D752A2FF}</UniqueIdentifier>
      <Extensions>cpp;c;cc;cxx;def;odl;idl;hpj;bat;asm;asmx</Extensions>
    </Filter>
    <Filter Include="File di intestazione">
      <UniqueIdentifier>{93995380-89BD-4b04-88EB-625FBE52EBFB}</UniqueIdentifier>
      <Extensions>h;hh;hpp;hxx;hm;inl;inc;xsd</Extensions>
    </Filter>
    <Filter Include="File di risorse">
      <UniqueIdentifier>{67DA6AB6-F800-4c08-8B7A-83BB121AAD01}</UniqueIdentifier>
      <Extensions>rc;ico;cur;bmp;dlg;rc2;rct;bin;rgs;gif;jpg;jpeg;jpe;resx;tiff;tif;png;wav;mfcribbon-ms</Extensions>
    </Filter>
    <Filter Include="Tools">
      <UniqueIdentifier>{56601638-79b0-4c13-8ef4-1c306fedae86}</UniqueIdentifier>
    </Filter>
    <Filter Include="File di intestazione\jsoncons">
      <UniqueIdentifier>{1b813b8e-210a-4496-a125-ca9b9b996fba}</UniqueIdentifier>
    </Filter>
  </ItemGroup>
  <ItemGroup>
    <ClCompile Include="..\src\inertial_stats.cpp">
      <Filter>File di origine</Filter>
    </ClCompile>
    <ClCompile Include="..\src\math_lib.c">
      <Filter>File di origine</Filter>
    </ClCompile>
  </ItemGroup>
  <ItemGroup>
    <ClInclude Include="..\src\math_lib.h">
      <Filter>File di intestazione</Filter>
    </ClInclude>
    <ClInclude Include="..\src\jsoncons\json.hpp">
      <Filter>File di intestazione\jsoncons</Filter>
    </ClInclude>
    <ClInclude Include="..\src\jsoncons\json_deserializer.hpp">
      <Filter>File di intestazione\jsoncons</Filter>
    </ClInclude>
    <ClInclude Include="..\src\jsoncons\json_error_category.hpp">
      <Filter>File di intestazione\jsoncons</Filter>
    </ClInclude>
    <ClInclude Include="..\src\jsoncons\json_filter.hpp">
      <Filter>File di intestazione\jsoncons</Filter>
    </ClInclude>
    <ClInclude Include="..\src\jsoncons\json_input_handler.hpp">
      <Filter>File di intestazione\jsoncons</Filter>
    </ClInclude>
    <ClInclude Include="..\src\jsoncons\json_output_handler.hpp">
      <Filter>File di intestazione\jsoncons</Filter>
    </ClInclude>
    <ClInclude Include="..\src\jsoncons\json_parser.hpp">
      <Filter>File di intestazione\jsoncons</Filter>
    </ClInclude>
    <ClInclude Include="..\src\jsoncons\json_reader.hpp">
      <Filter>File di intestazione\jsoncons</Filter>
    </ClInclude>
    <ClInclude Include="..\src\jsoncons\json_serializer.hpp">
      <Filter>File di intestazione\jsoncons</Filter>
    </ClInclude>
    <ClInclude Include="..\src\jsoncons\json_structures.hpp">
      <Filter>File di intestazione\jsoncons</Filter>
    </ClInclude>
    <ClInclude Include="..\src\jsoncons\json_type_traits.hpp">
      <Filter>File di intestazione\jsoncons</Filter>
    </ClInclude>
    <ClInclude Include="..\src\jsoncons\jsoncons.hpp">
      <Filter>File di intestazione\jsoncons</Filter>
    </ClInclude>
    <ClInclude Include="..\src\jsoncons\jsoncons_config.hpp">
      <Filter>File di intestazione\jsoncons</Filter>
    </ClInclude>
    <ClInclude Include="..\src\jsoncons\jsoncons_io.hpp">
      <Filter>File di intestazione\jsoncons</Filter>
    </ClInclude>
    <ClInclude Include="..\src\jsoncons\output_format.hpp">
      <Filter>File di intestazione\jsoncons</Filter>
    </ClInclude>
    <ClInclude Include="..\src\jsoncons\ovectorstream.hpp">
      <Filter>File di intestazione\jsoncons</Filter>
    </ClInclude>
    <ClInclude Include="..\src\jsoncons\parse_error_handler.hpp">
      <Filter>File di intestazione\jsoncons</Filter>
    </ClInclude>
  </ItemGroup>
  <ItemGroup>
    <None Include="..\script\inertial_analysis_scan.sh">
      <Filter>Tools</Filter>
    </None>
    <None Include="..\src\jsoncons\json_parser.hpp.orig" />
    <None Include="packages.config" />
  </ItemGroup>
</Project>