<?xml version="1.0" encoding="utf-8"?>
<Project ToolsVersion="4.0" xmlns="http://schemas.microsoft.com/developer/msbuild/2003">
  <ItemGroup>
    <Filter Include="Source Files">
      <UniqueIdentifier>{4FC737F1-C7A5-4376-A066-2A32D752A2FF}</UniqueIdentifier>
      <Extensions>cpp;c;cc;cxx;def;odl;idl;hpj;bat;asm;asmx</Extensions>
    </Filter>
    <Filter Include="Header Files">
      <UniqueIdentifier>{93995380-89BD-4b04-88EB-625FBE52EBFB}</UniqueIdentifier>
      <Extensions>h;hh;hpp;hxx;hm;inl;inc;xsd</Extensions>
    </Filter>
    <Filter Include="Resource Files">
      <UniqueIdentifier>{67DA6AB6-F800-4c08-8B7A-83BB121AAD01}</UniqueIdentifier>
      <Extensions>rc;ico;cur;bmp;dlg;rc2;rct;bin;rgs;gif;jpg;jpeg;jpe;resx;tiff;tif;png;wav;mfcribbon-ms</Extensions>
    </Filter>
    <Filter Include="Header Files\jsoncons">
      <UniqueIdentifier>{d0f5ecd0-7445-4e8d-9ee4-5de0012afbd7}</UniqueIdentifier>
    </Filter>
  </ItemGroup>
  <ItemGroup>
    <ClInclude Include="..\src\jsoncons\json.hpp">
      <Filter>Header Files\jsoncons</Filter>
    </ClInclude>
    <ClInclude Include="..\src\jsoncons\json_deserializer.hpp">
      <Filter>Header Files\jsoncons</Filter>
    </ClInclude>
    <ClInclude Include="..\src\jsoncons\json_error_category.hpp">
      <Filter>Header Files\jsoncons</Filter>
    </ClInclude>
    <ClInclude Include="..\src\jsoncons\json_filter.hpp">
      <Filter>Header Files\jsoncons</Filter>
    </ClInclude>
    <ClInclude Include="..\src\jsoncons\json_input_handler.hpp">
      <Filter>Header Files\jsoncons</Filter>
    </ClInclude>
    <ClInclude Include="..\src\jsoncons\json_output_handler.hpp">
      <Filter>Header Files\jsoncons</Filter>
    </ClInclude>
    <ClInclude Include="..\src\jsoncons\json_parser.hpp">
      <Filter>Header Files\jsoncons</Filter>
    </ClInclude>
    <ClInclude Include="..\src\jsoncons\json_reader.hpp">
      <Filter>Header Files\jsoncons</Filter>
    </ClInclude>
    <ClInclude Include="..\src\jsoncons\json_serializer.hpp">
      <Filter>Header Files\jsoncons</Filter>
    </ClInclude>
    <ClInclude Include="..\src\jsoncons\json_structures.hpp">
      <Filter>Header Files\jsoncons</Filter>
    </ClInclude>
    <ClInclude Include="..\src\jsoncons\json_type_traits.hpp">
      <Filter>Header Files\jsoncons</Filter>
    </ClInclude>
    <ClInclude Include="..\src\jsoncons\jsoncons.hpp">
      <Filter>Header Files\jsoncons</Filter>
    </ClInclude>
    <ClInclude Include="..\src\jsoncons\jsoncons_config.hpp">
      <Filter>Header Files\jsoncons</Filter>
    </ClInclude>
    <ClInclude Include="..\src\jsoncons\jsoncons_io.hpp">
      <Filter>Header Files\jsoncons</Filter>
    </ClInclude>
    <ClInclude Include="..\src\jsoncons\output_format.hpp">
      <Filter>Header Files\jsoncons</Filter>
    </ClInclude>
    <ClInclude Include="..\src\jsoncons\ovectorstream.hpp">
      <Filter>Header Files\jsoncons</Filter>
    </ClInclude>
    <ClInclude Include="..\src\jsoncons\parse_error_handler.hpp">
      <Filter>Header Files\jsoncons</Filter>
    </ClInclude>
    <ClInclude Include="..\src\io_lib.hpp">
      <Filter>Header Files</Filter>
    </ClInclude>
    <ClInclude Include="..\src\params.h">
      <Filter>Header Files</Filter>
    </ClInclude>
    <ClInclude Include="..\src\math_func.h">
      <Filter>Header Files</Filter>
    </ClInclude>
  </ItemGroup>
  <ItemGroup>
    <ClCompile Include="..\src\data_reco.cpp">
      <Filter>Source Files</Filter>
    </ClCompile>
    <ClCompile Include="..\src\math_func.cpp">
      <Filter>Source Files</Filter>
    </ClCompile>
    <ClCompile Include="..\src\math_lib.c">
      <Filter>Source Files</Filter>
    </ClCompile>
  </ItemGroup>
  <ItemGroup>
    <None Include="packages.config" />
  </ItemGroup>
</Project>